
Microsoft Visual Studio Solution File, Format Version 12.00
Project("{FAE04EC0-301F-11D3-BF4B-00C04F79EFBC}") = "Graphics", "Graphics\Graphics.csproj", "{0B12CCBA-5FF2-4FE3-B094-B99F8E2EDE4C}"
EndProject
Project("{FAE04EC0-301F-11D3-BF4B-00C04F79EFBC}") = "Components", "Components\Components.csproj", "{317AB0A7-3EDD-4BBB-85DB-519A68017D5D}"
EndProject
Project("{FAE04EC0-301F-11D3-BF4B-00C04F79EFBC}") = "Audio", "Audio\Audio.csproj", "{6DBBDDDC-D94F-4275-BA4D-9EE2CEAB8891}"
EndProject
Project("{FAE04EC0-301F-11D3-BF4B-00C04F79EFBC}") = "Physics", "Physics\Physics.csproj", "{50C67DA8-92FC-4C19-9C54-742799E632C8}"
EndProject
Project("{FAE04EC0-301F-11D3-BF4B-00C04F79EFBC}") = "Input", "Input\Input.csproj", "{5D79DFB1-9B5F-4562-A3F5-6C32D47594CC}"
EndProject
Project("{FAE04EC0-301F-11D3-BF4B-00C04F79EFBC}") = "Fix2Console", "Fix2Console\Fix2Console.csproj", "{2BEFE1EE-64A7-4606-BDC0-927DC0E8D54B}"
EndProject
Project("{FAE04EC0-301F-11D3-BF4B-00C04F79EFBC}") = "User", "User\User.csproj", "{36235EE9-8E4B-440C-8949-E67644559D1A}"
EndProject
Project("{FAE04EC0-301F-11D3-BF4B-00C04F79EFBC}") = "Monitoring", "Monitoring\Monitoring.csproj", "{FE650AF0-8F0C-4AC0-9FCC-FD910897FDE6}"
EndProject
Global
	GlobalSection(SolutionConfigurationPlatforms) = preSolution
		Debug|Any CPU = Debug|Any CPU
		Release|Any CPU = Release|Any CPU
	EndGlobalSection
	GlobalSection(ProjectConfigurationPlatforms) = postSolution
		{0B12CCBA-5FF2-4FE3-B094-B99F8E2EDE4C}.Debug|Any CPU.ActiveCfg = Debug|Any CPU
		{0B12CCBA-5FF2-4FE3-B094-B99F8E2EDE4C}.Debug|Any CPU.Build.0 = Debug|Any CPU
		{0B12CCBA-5FF2-4FE3-B094-B99F8E2EDE4C}.Release|Any CPU.ActiveCfg = Release|Any CPU
		{0B12CCBA-5FF2-4FE3-B094-B99F8E2EDE4C}.Release|Any CPU.Build.0 = Release|Any CPU
		{317AB0A7-3EDD-4BBB-85DB-519A68017D5D}.Debug|Any CPU.ActiveCfg = Debug|Any CPU
		{317AB0A7-3EDD-4BBB-85DB-519A68017D5D}.Debug|Any CPU.Build.0 = Debug|Any CPU
		{317AB0A7-3EDD-4BBB-85DB-519A68017D5D}.Release|Any CPU.ActiveCfg = Release|Any CPU
		{317AB0A7-3EDD-4BBB-85DB-519A68017D5D}.Release|Any CPU.Build.0 = Release|Any CPU
		{6DBBDDDC-D94F-4275-BA4D-9EE2CEAB8891}.Debug|Any CPU.ActiveCfg = Debug|Any CPU
		{6DBBDDDC-D94F-4275-BA4D-9EE2CEAB8891}.Debug|Any CPU.Build.0 = Debug|Any CPU
		{6DBBDDDC-D94F-4275-BA4D-9EE2CEAB8891}.Release|Any CPU.ActiveCfg = Release|Any CPU
		{6DBBDDDC-D94F-4275-BA4D-9EE2CEAB8891}.Release|Any CPU.Build.0 = Release|Any CPU
		{50C67DA8-92FC-4C19-9C54-742799E632C8}.Debug|Any CPU.ActiveCfg = Debug|Any CPU
		{50C67DA8-92FC-4C19-9C54-742799E632C8}.Debug|Any CPU.Build.0 = Debug|Any CPU
		{50C67DA8-92FC-4C19-9C54-742799E632C8}.Release|Any CPU.ActiveCfg = Release|Any CPU
		{50C67DA8-92FC-4C19-9C54-742799E632C8}.Release|Any CPU.Build.0 = Release|Any CPU
		{5D79DFB1-9B5F-4562-A3F5-6C32D47594CC}.Debug|Any CPU.ActiveCfg = Debug|Any CPU
		{5D79DFB1-9B5F-4562-A3F5-6C32D47594CC}.Debug|Any CPU.Build.0 = Debug|Any CPU
		{5D79DFB1-9B5F-4562-A3F5-6C32D47594CC}.Release|Any CPU.ActiveCfg = Release|Any CPU
		{5D79DFB1-9B5F-4562-A3F5-6C32D47594CC}.Release|Any CPU.Build.0 = Release|Any CPU
		{2BEFE1EE-64A7-4606-BDC0-927DC0E8D54B}.Debug|Any CPU.ActiveCfg = Debug|Any CPU
		{2BEFE1EE-64A7-4606-BDC0-927DC0E8D54B}.Debug|Any CPU.Build.0 = Debug|Any CPU
		{2BEFE1EE-64A7-4606-BDC0-927DC0E8D54B}.Release|Any CPU.ActiveCfg = Release|Any CPU
		{2BEFE1EE-64A7-4606-BDC0-927DC0E8D54B}.Release|Any CPU.Build.0 = Release|Any CPU
		{36235EE9-8E4B-440C-8949-E67644559D1A}.Debug|Any CPU.ActiveCfg = Debug|Any CPU
		{36235EE9-8E4B-440C-8949-E67644559D1A}.Debug|Any CPU.Build.0 = Debug|Any CPU
		{36235EE9-8E4B-440C-8949-E67644559D1A}.Release|Any CPU.ActiveCfg = Release|Any CPU
		{36235EE9-8E4B-440C-8949-E67644559D1A}.Release|Any CPU.Build.0 = Release|Any CPU
		{FE650AF0-8F0C-4AC0-9FCC-FD910897FDE6}.Debug|Any CPU.ActiveCfg = Debug|Any CPU
		{FE650AF0-8F0C-4AC0-9FCC-FD910897FDE6}.Debug|Any CPU.Build.0 = Debug|Any CPU
		{FE650AF0-8F0C-4AC0-9FCC-FD910897FDE6}.Release|Any CPU.ActiveCfg = Release|Any CPU
		{FE650AF0-8F0C-4AC0-9FCC-FD910897FDE6}.Release|Any CPU.Build.0 = Release|Any CPU
	EndGlobalSection
EndGlobal
